github.com/teonet-go/conf v0.0.0-20240118064732-9e35e3c959be h1:9dPAWAOEGWKVld9FybY3iW/yXn89gQdGn/2Kjl04ZBs=
github.com/teonet-go/conf v0.0.0-20240118064732-9e35e3c959be/go.mod h1:ZUIyD1x64uNpuFqQd4VfP+dLxqQs7Tf0jsttS0ehivw=
golang.org/x/exp v0.0.0-20240112132812-db7319d0e0e3 h1:hNQpMuAJe5CtcUqCXaWga3FHu+kQvCqcsoVaQgSV60o=
golang.org/x/exp v0.0.0-20240112132812-db7319d0e0e3/go.mod h1:idGWGoKP1toJGkd5/ig9ZLuPcZBC3ewk7SzmH0uou08=
